
Microsoft Visual Studio Solution File, Format Version 12.00
# Visual Studio Version 16
VisualStudioVersion = 16.0.32106.194
MinimumVisualStudioVersion = 10.0.40219.1
Project("{FAE04EC0-301F-11D3-BF4B-00C04F79EFBC}") = "StackAndQueue", "StackAndQueue.csproj", "{12D4F4B3-22F1-4AAF-BFC9-95AD67ABCD6A}"
EndProject
Global
	GlobalSection(SolutionConfigurationPlatforms) = preSolution
		Debug|Any CPU = Debug|Any CPU
		Release|Any CPU = Release|Any CPU
	EndGlobalSection
	GlobalSection(ProjectConfigurationPlatforms) = postSolution
		{12D4F4B3-22F1-4AAF-BFC9-95AD67ABCD6A}.Debug|Any CPU.ActiveCfg = Debug|Any CPU
		{12D4F4B3-22F1-4AAF-BFC9-95AD67ABCD6A}.Debug|Any CPU.Build.0 = Debug|Any CPU
		{12D4F4B3-22F1-4AAF-BFC9-95AD67ABCD6A}.Release|Any CPU.ActiveCfg = Release|Any CPU
		{12D4F4B3-22F1-4AAF-BFC9-95AD67ABCD6A}.Release|Any CPU.Build.0 = Release|Any CPU
	EndGlobalSection
	GlobalSection(SolutionProperties) = preSolution
		HideSolutionNode = FALSE
	EndGlobalSection
	GlobalSection(ExtensibilityGlobals) = postSolution
		SolutionGuid = {E549AB29-ECCE-41D0-A017-7536262296A9}
	EndGlobalSection
EndGlobal
